#MicroXplorer Configuration settings - do not modify
ADC1.Channel-0\#ChannelRegularConversion=ADC_CHANNEL_4
ADC1.Channel-1\#ChannelRegularConversion=ADC_CHANNEL_5
ADC1.Channel-2\#ChannelRegularConversion=ADC_CHANNEL_6
ADC1.Channel-3\#ChannelRegularConversion=ADC_CHANNEL_VREFINT
ADC1.Channel-4\#ChannelRegularConversion=ADC_CHANNEL_TEMPSENSOR
ADC1.ContinuousConvMode=ENABLE
ADC1.IPParameters=Rank-0\#ChannelRegularConversion,Channel-0\#ChannelRegularConversion,SamplingTime-0\#ChannelRegularConversion,NbrOfConversionFlag,ContinuousConvMode,Rank-1\#ChannelRegularConversion,Channel-1\#ChannelRegularConversion,SamplingTime-1\#ChannelRegularConversion,Rank-2\#ChannelRegularConversion,Channel-2\#ChannelRegularConversion,SamplingTime-2\#ChannelRegularConversion,NbrOfConversion,Rank-3\#ChannelRegularConversion,Channel-3\#ChannelRegularConversion,SamplingTime-3\#ChannelRegularConversion,Rank-4\#ChannelRegularConversion,Channel-4\#ChannelRegularConversion,SamplingTime-4\#ChannelRegularConversion,master
ADC1.NbrOfConversion=5
ADC1.NbrOfConversionFlag=1
ADC1.Rank-0\#ChannelRegularConversion=1
ADC1.Rank-1\#ChannelRegularConversion=2
ADC1.Rank-2\#ChannelRegularConversion=3
ADC1.Rank-3\#ChannelRegularConversion=4
ADC1.Rank-4\#ChannelRegularConversion=5
ADC1.SamplingTime-0\#ChannelRegularConversion=ADC_SAMPLETIME_71CYCLES_5
ADC1.SamplingTime-1\#ChannelRegularConversion=ADC_SAMPLETIME_71CYCLES_5
ADC1.SamplingTime-2\#ChannelRegularConversion=ADC_SAMPLETIME_239CYCLES_5
ADC1.SamplingTime-3\#ChannelRegularConversion=ADC_SAMPLETIME_239CYCLES_5
ADC1.SamplingTime-4\#ChannelRegularConversion=ADC_SAMPLETIME_239CYCLES_5
ADC1.master=1
ADC3.Channel-0\#ChannelRegularConversion=ADC_CHANNEL_2
ADC3.Channel-1\#ChannelRegularConversion=ADC_CHANNEL_2
ADC3.Channel-2\#ChannelRegularConversion=ADC_CHANNEL_2
ADC3.Channel-3\#ChannelRegularConversion=ADC_CHANNEL_2
ADC3.Channel-4\#ChannelRegularConversion=ADC_CHANNEL_10
ADC3.ContinuousConvMode=ENABLE
ADC3.IPParameters=Rank-0\#ChannelRegularConversion,Channel-0\#ChannelRegularConversion,SamplingTime-0\#ChannelRegularConversion,NbrOfConversionFlag,ContinuousConvMode,NbrOfConversion,Rank-1\#ChannelRegularConversion,Channel-1\#ChannelRegularConversion,SamplingTime-1\#ChannelRegularConversion,Rank-2\#ChannelRegularConversion,Channel-2\#ChannelRegularConversion,SamplingTime-2\#ChannelRegularConversion,Rank-3\#ChannelRegularConversion,Channel-3\#ChannelRegularConversion,SamplingTime-3\#ChannelRegularConversion,Rank-4\#ChannelRegularConversion,Channel-4\#ChannelRegularConversion,SamplingTime-4\#ChannelRegularConversion
ADC3.NbrOfConversion=5
ADC3.NbrOfConversionFlag=1
ADC3.Rank-0\#ChannelRegularConversion=1
ADC3.Rank-1\#ChannelRegularConversion=2
ADC3.Rank-2\#ChannelRegularConversion=3
ADC3.Rank-3\#ChannelRegularConversion=4
ADC3.Rank-4\#ChannelRegularConversion=5
ADC3.SamplingTime-0\#ChannelRegularConversion=ADC_SAMPLETIME_239CYCLES_5
ADC3.SamplingTime-1\#ChannelRegularConversion=ADC_SAMPLETIME_239CYCLES_5
ADC3.SamplingTime-2\#ChannelRegularConversion=ADC_SAMPLETIME_239CYCLES_5
ADC3.SamplingTime-3\#ChannelRegularConversion=ADC_SAMPLETIME_239CYCLES_5
ADC3.SamplingTime-4\#ChannelRegularConversion=ADC_SAMPLETIME_239CYCLES_5
CAD.formats=
CAD.pinconfig=
CAD.provider=
Dma.ADC1.0.Direction=DMA_PERIPH_TO_MEMORY
Dma.ADC1.0.Instance=DMA1_Channel1
Dma.ADC1.0.MemDataAlignment=DMA_MDATAALIGN_HALFWORD
Dma.ADC1.0.MemInc=DMA_MINC_ENABLE
Dma.ADC1.0.Mode=DMA_NORMAL
Dma.ADC1.0.PeriphDataAlignment=DMA_PDATAALIGN_HALFWORD
Dma.ADC1.0.PeriphInc=DMA_PINC_DISABLE
Dma.ADC1.0.Priority=DMA_PRIORITY_LOW
Dma.ADC1.0.RequestParameters=Instance,Direction,PeriphInc,MemInc,PeriphDataAlignment,MemDataAlignment,Mode,Priority
Dma.ADC3.1.Direction=DMA_PERIPH_TO_MEMORY
Dma.ADC3.1.Instance=DMA2_Channel5
Dma.ADC3.1.MemDataAlignment=DMA_MDATAALIGN_HALFWORD
Dma.ADC3.1.MemInc=DMA_MINC_ENABLE
Dma.ADC3.1.Mode=DMA_NORMAL
Dma.ADC3.1.PeriphDataAlignment=DMA_PDATAALIGN_HALFWORD
Dma.ADC3.1.PeriphInc=DMA_PINC_DISABLE
Dma.ADC3.1.Priority=DMA_PRIORITY_LOW
Dma.ADC3.1.RequestParameters=Instance,Direction,PeriphInc,MemInc,PeriphDataAlignment,MemDataAlignment,Mode,Priority
Dma.Request0=ADC1
Dma.Request1=ADC3
Dma.Request2=SPI3_TX
Dma.RequestsNb=3
Dma.SPI3_TX.2.Direction=DMA_MEMORY_TO_PERIPH
Dma.SPI3_TX.2.Instance=DMA2_Channel2
Dma.SPI3_TX.2.MemDataAlignment=DMA_MDATAALIGN_BYTE
Dma.SPI3_TX.2.MemInc=DMA_MINC_ENABLE
Dma.SPI3_TX.2.Mode=DMA_NORMAL
Dma.SPI3_TX.2.PeriphDataAlignment=DMA_PDATAALIGN_BYTE
Dma.SPI3_TX.2.PeriphInc=DMA_PINC_DISABLE
Dma.SPI3_TX.2.Priority=DMA_PRIORITY_LOW
Dma.SPI3_TX.2.RequestParameters=Instance,Direction,PeriphInc,MemInc,PeriphDataAlignment,MemDataAlignment,Mode,Priority
File.Version=6
GPIO.groupedBy=
KeepUserPlacement=false
Mcu.CPN=STM32F103RET6
Mcu.Family=STM32F1
Mcu.IP0=ADC1
Mcu.IP1=ADC3
Mcu.IP10=TIM3
Mcu.IP11=TIM4
Mcu.IP12=TIM5
Mcu.IP13=TIM6
Mcu.IP14=TIM8
Mcu.IP15=USART1
Mcu.IP16=USB
Mcu.IP17=USB_DEVICE
Mcu.IP2=DMA
Mcu.IP3=NVIC
Mcu.IP4=RCC
Mcu.IP5=SPI2
Mcu.IP6=SPI3
Mcu.IP7=SYS
Mcu.IP8=TIM1
Mcu.IP9=TIM2
Mcu.IPNb=18
Mcu.Name=STM32F103R(C-D-E)Tx
Mcu.Package=LQFP64
Mcu.Pin0=PD0-OSC_IN
Mcu.Pin1=PD1-OSC_OUT
Mcu.Pin10=PA4
Mcu.Pin11=PA5
Mcu.Pin12=PA6
Mcu.Pin13=PB1
Mcu.Pin14=PB10
Mcu.Pin15=PB11
Mcu.Pin16=PB12
Mcu.Pin17=PB13
Mcu.Pin18=PB14
Mcu.Pin19=PB15
Mcu.Pin2=PC0
Mcu.Pin20=PC6
Mcu.Pin21=PC7
Mcu.Pin22=PC8
Mcu.Pin23=PA8
Mcu.Pin24=PA9
Mcu.Pin25=PA10
Mcu.Pin26=PA11
Mcu.Pin27=PA12
Mcu.Pin28=PA13
Mcu.Pin29=PA14
Mcu.Pin3=PC1
Mcu.Pin30=PC12
Mcu.Pin31=PD2
Mcu.Pin32=PB3
Mcu.Pin33=PB4
Mcu.Pin34=PB5
Mcu.Pin35=PB6
Mcu.Pin36=PB7
Mcu.Pin37=PB8
Mcu.Pin38=PB9
Mcu.Pin39=VP_ADC1_TempSens_Input
Mcu.Pin4=PC2
Mcu.Pin40=VP_ADC1_Vref_Input
Mcu.Pin41=VP_SYS_VS_Systick
Mcu.Pin42=VP_TIM1_VS_ClockSourceINT
Mcu.Pin43=VP_TIM2_VS_ClockSourceINT
Mcu.Pin44=VP_TIM2_VS_no_output3
Mcu.Pin45=VP_TIM2_VS_no_output4
Mcu.Pin46=VP_TIM3_VS_no_output1
Mcu.Pin47=VP_TIM5_VS_ClockSourceINT
Mcu.Pin48=VP_TIM6_VS_ClockSourceINT
Mcu.Pin49=VP_USB_DEVICE_VS_USB_DEVICE_MSC_FS
Mcu.Pin5=PC3
Mcu.Pin6=PA0-WKUP
Mcu.Pin7=PA1
Mcu.Pin8=PA2
Mcu.Pin9=PA3
Mcu.PinsNb=50
Mcu.ThirdPartyNb=0
Mcu.UserConstants=
Mcu.UserName=STM32F103RETx
MxCube.Version=6.11.1
MxDb.Version=DB.6.0.111
NVIC.BusFault_IRQn=true\:0\:0\:false\:false\:true\:false\:false\:false
NVIC.DMA1_Channel1_IRQn=true\:0\:0\:false\:false\:true\:false\:true\:true
NVIC.DMA2_Channel2_IRQn=true\:0\:0\:false\:false\:true\:false\:true\:true
NVIC.DMA2_Channel4_5_IRQn=true\:0\:0\:false\:false\:true\:false\:true\:true
NVIC.DebugMonitor_IRQn=true\:0\:0\:false\:false\:true\:false\:false\:false
NVIC.ForceEnableDMAVector=true
NVIC.HardFault_IRQn=true\:0\:0\:false\:false\:true\:false\:false\:false
NVIC.MemoryManagement_IRQn=true\:0\:0\:false\:false\:true\:false\:false\:false
NVIC.NonMaskableInt_IRQn=true\:0\:0\:false\:false\:true\:false\:false\:false
NVIC.PendSV_IRQn=true\:0\:0\:false\:false\:true\:false\:false\:false
NVIC.PriorityGroup=NVIC_PRIORITYGROUP_4
NVIC.SVCall_IRQn=true\:0\:0\:false\:false\:true\:false\:false\:false
NVIC.SysTick_IRQn=true\:15\:0\:false\:false\:true\:false\:true\:false
NVIC.TIM2_IRQn=true\:0\:0\:false\:false\:true\:true\:true\:true
NVIC.TIM3_IRQn=true\:0\:0\:false\:false\:true\:true\:true\:true
NVIC.TIM6_IRQn=true\:0\:0\:false\:false\:true\:true\:true\:true
NVIC.USB_LP_CAN1_RX0_IRQn=true\:0\:0\:false\:false\:true\:false\:true\:true
NVIC.UsageFault_IRQn=true\:0\:0\:false\:false\:true\:false\:false\:false
PA0-WKUP.GPIOParameters=GPIO_Label
PA0-WKUP.GPIO_Label=IRON_POWER
PA0-WKUP.Signal=S_TIM2_CH1_ETR
PA1.GPIOParameters=GPIO_Label
PA1.GPIO_Label=FAN_POWER
PA1.Signal=S_TIM2_CH2
PA10.GPIOParameters=GPIO_Label
PA10.GPIO_Label=DEBUG_RX
PA10.Mode=Asynchronous
PA10.Signal=USART1_RX
PA11.Mode=Device
PA11.Signal=USB_DM
PA12.Mode=Device
PA12.Signal=USB_DP
PA13.Mode=Serial_Wire
PA13.Signal=SYS_JTMS-SWDIO
PA14.Mode=Serial_Wire
PA14.Signal=SYS_JTCK-SWCLK
PA2.GPIOParameters=GPIO_Label
PA2.GPIO_Label=IRON_TEMP
PA2.Signal=ADCx_IN2
PA3.GPIOParameters=GPIO_Label
PA3.GPIO_Label=TFT_BRIGHT
PA3.Signal=S_TIM5_CH4
PA4.GPIOParameters=GPIO_Label
PA4.GPIO_Label=IRON_CURRENT
PA4.Signal=ADCx_IN4
PA5.GPIOParameters=GPIO_Label
PA5.GPIO_Label=FAN_CURRENT
PA5.Signal=ADCx_IN5
PA6.GPIOParameters=GPIO_Label
PA6.GPIO_Label=GUN_TEMP
PA6.Signal=ADCx_IN6
PA8.GPIOParameters=GPIO_Label
PA8.GPIO_Label=BUZZER
PA8.Signal=S_TIM1_CH1
PA9.GPIOParameters=GPIO_Label
PA9.GPIO_Label=DEBUG_TX
PA9.Mode=Asynchronous
PA9.Signal=USART1_TX
PB1.GPIOParameters=GPIO_Label
PB1.GPIO_Label=GUN_POWER
PB1.Signal=S_TIM3_CH4
PB10.GPIOParameters=GPIO_Label
PB10.GPIO_Label=REED_SW
PB10.Locked=true
PB10.Signal=GPIO_Input
PB11.GPIOParameters=GPIO_Label
PB11.GPIO_Label=AC_RELAY
PB11.Locked=true
PB11.Signal=GPIO_Output
PB12.GPIOParameters=PinState,GPIO_Label
PB12.GPIO_Label=FLASH_CS
PB12.Locked=true
PB12.PinState=GPIO_PIN_SET
PB12.Signal=GPIO_Output
PB13.GPIOParameters=GPIO_Label
PB13.GPIO_Label=FLASH_SCK
PB13.Mode=Full_Duplex_Master
PB13.Signal=SPI2_SCK
PB14.GPIOParameters=GPIO_Label
PB14.GPIO_Label=FLASH_MISO
PB14.Mode=Full_Duplex_Master
PB14.Signal=SPI2_MISO
PB15.GPIOParameters=GPIO_Label
PB15.GPIO_Label=FLASH_MOSI
PB15.Mode=Full_Duplex_Master
PB15.Signal=SPI2_MOSI
PB3.GPIOParameters=GPIO_Label
PB3.GPIO_Label=TFT_SCK
PB3.Mode=TX_Only_Simplex_Unidirect_Master
PB3.Signal=SPI3_SCK
PB4.GPIOParameters=PinState,GPIO_Label
PB4.GPIO_Label=TFT_CS
PB4.Locked=true
PB4.PinState=GPIO_PIN_SET
PB4.Signal=GPIO_Output
PB5.GPIOParameters=GPIO_Label
PB5.GPIO_Label=TFT_SDI
PB5.Mode=TX_Only_Simplex_Unidirect_Master
PB5.Signal=SPI3_MOSI
PB6.GPIOParameters=GPIO_Label
PB6.GPIO_Label=I_ENC_L
PB6.Signal=S_TIM4_CH1
PB7.GPIOParameters=GPIO_Label
PB7.GPIO_Label=I_ENC_R
PB7.Signal=S_TIM4_CH2
PB8.GPIOParameters=GPIO_Label
PB8.GPIO_Label=TFT_DC
PB8.Locked=true
PB8.Signal=GPIO_Output
PB9.GPIOParameters=PinState,GPIO_Label
PB9.GPIO_Label=TFT_RESET
PB9.Locked=true
PB9.PinState=GPIO_PIN_SET
PB9.Signal=GPIO_Output
PC0.GPIOParameters=GPIO_Label
PC0.GPIO_Label=AMBIENT
PC0.Signal=ADCx_IN10
PC1.GPIOParameters=GPIO_Label
PC1.GPIO_Label=TILT_SW
PC1.Locked=true
PC1.Signal=GPIO_Input
PC12.GPIOParameters=GPIO_Label
PC12.GPIO_Label=I_ENC_B
PC12.Locked=true
PC12.Signal=GPIO_Input
PC2.GPIOParameters=GPIO_Label
PC2.GPIO_Label=JBC_CHANGE
PC2.Locked=true
PC2.Signal=GPIO_Input
PC3.GPIOParameters=GPIO_Label
PC3.GPIO_Label=JBC_STBY
PC3.Locked=true
PC3.Signal=GPIO_Input
PC6.GPIOParameters=GPIO_Label
PC6.GPIO_Label=G_ENC_L
PC6.Signal=S_TIM8_CH1
PC7.GPIOParameters=GPIO_Label
PC7.GPIO_Label=G_ENC_R
PC7.Signal=S_TIM8_CH2
PC8.GPIOParameters=GPIO_Label
PC8.GPIO_Label=G_ENC_B
PC8.Locked=true
PC8.Signal=GPIO_Input
PD0-OSC_IN.Mode=HSE-External-Oscillator
PD0-OSC_IN.Signal=RCC_OSC_IN
PD1-OSC_OUT.Mode=HSE-External-Oscillator
PD1-OSC_OUT.Signal=RCC_OSC_OUT
PD2.GPIOParameters=GPIO_Label
PD2.GPIO_Label=AC_ZZERO
PD2.Signal=S_TIM3_ETR
PinOutPanel.RotationAngle=0
ProjectManager.AskForMigrate=true
ProjectManager.BackupPrevious=false
ProjectManager.CompilerOptimize=6
ProjectManager.ComputerToolchain=false
ProjectManager.CoupleFile=false
ProjectManager.CustomerFirmwarePackage=
ProjectManager.DefaultFWLocation=true
ProjectManager.DeletePrevious=true
ProjectManager.DeviceId=STM32F103RETx
ProjectManager.FirmwarePackage=STM32Cube FW_F1 V1.8.6
ProjectManager.FreePins=false
ProjectManager.HalAssertFull=false
ProjectManager.HeapSize=0x200
ProjectManager.KeepUserCode=true
ProjectManager.LastFirmware=true
ProjectManager.LibraryCopy=1
ProjectManager.MainLocation=Core/Src
ProjectManager.NoMain=false
ProjectManager.PreviousToolchain=STM32CubeIDE
ProjectManager.ProjectBuild=false
ProjectManager.ProjectFileName=F103RE_UNITED_Rework.ioc
ProjectManager.ProjectName=F103RE_UNITED_Rework
ProjectManager.ProjectStructure=
ProjectManager.RegisterCallBack=
ProjectManager.StackSize=0x400
ProjectManager.TargetToolchain=STM32CubeIDE
ProjectManager.ToolChainLocation=
ProjectManager.UAScriptAfterPath=
ProjectManager.UAScriptBeforePath=
ProjectManager.UnderRoot=true
ProjectManager.functionlistsort=1-SystemClock_Config-RCC-false-HAL-false,2-MX_GPIO_Init-GPIO-false-HAL-true,3-MX_DMA_Init-DMA-false-HAL-true,4-MX_USB_DEVICE_Init-USB_DEVICE-false-HAL-false,5-MX_ADC1_Init-ADC1-false-HAL-true,6-MX_ADC3_Init-ADC3-false-HAL-true,7-MX_TIM1_Init-TIM1-false-HAL-true,8-MX_TIM2_Init-TIM2-false-HAL-true,9-MX_TIM3_Init-TIM3-false-HAL-true,10-MX_TIM4_Init-TIM4-false-HAL-true,11-MX_TIM5_Init-TIM5-false-HAL-true,12-MX_TIM8_Init-TIM8-false-HAL-true,13-MX_SPI2_Init-SPI2-false-HAL-true,14-MX_SPI3_Init-SPI3-false-HAL-true,15-MX_USART1_UART_Init-USART1-false-HAL-true,16-MX_TIM6_Init-TIM6-false-HAL-true
RCC.ADCFreqValue=12000000
RCC.ADCPresc=RCC_ADCPCLK2_DIV6
RCC.AHBFreq_Value=72000000
RCC.APB1CLKDivider=RCC_HCLK_DIV2
RCC.APB1Freq_Value=36000000
RCC.APB1TimFreq_Value=72000000
RCC.APB2Freq_Value=72000000
RCC.APB2TimFreq_Value=72000000
RCC.FCLKCortexFreq_Value=72000000
RCC.FamilyName=M
RCC.HCLKFreq_Value=72000000
RCC.I2S2Freq_Value=72000000
RCC.I2S3Freq_Value=72000000
RCC.IPParameters=ADCFreqValue,ADCPresc,AHBFreq_Value,APB1CLKDivider,APB1Freq_Value,APB1TimFreq_Value,APB2Freq_Value,APB2TimFreq_Value,FCLKCortexFreq_Value,FamilyName,HCLKFreq_Value,I2S2Freq_Value,I2S3Freq_Value,MCOFreq_Value,PLLCLKFreq_Value,PLLMCOFreq_Value,PLLMUL,PLLSourceVirtual,SDIOFreq_Value,SDIOHCLKDiv2FreqValue,SYSCLKFreq_VALUE,SYSCLKSource,TimSysFreq_Value,USBFreq_Value,USBPrescaler,VCOOutput2Freq_Value
RCC.MCOFreq_Value=72000000
RCC.PLLCLKFreq_Value=72000000
RCC.PLLMCOFreq_Value=36000000
RCC.PLLMUL=RCC_PLL_MUL9
RCC.PLLSourceVirtual=RCC_PLLSOURCE_HSE
RCC.SDIOFreq_Value=72000000
RCC.SDIOHCLKDiv2FreqValue=36000000
RCC.SYSCLKFreq_VALUE=72000000
RCC.SYSCLKSource=RCC_SYSCLKSOURCE_PLLCLK
RCC.TimSysFreq_Value=72000000
RCC.USBFreq_Value=48000000
RCC.USBPrescaler=RCC_USBCLKSOURCE_PLL_DIV1_5
RCC.VCOOutput2Freq_Value=8000000
SH.ADCx_IN10.0=ADC3_IN10,IN10
SH.ADCx_IN10.ConfNb=1
SH.ADCx_IN2.0=ADC3_IN2,IN2
SH.ADCx_IN2.ConfNb=1
SH.ADCx_IN4.0=ADC1_IN4,IN4
SH.ADCx_IN4.ConfNb=1
SH.ADCx_IN5.0=ADC1_IN5,IN5
SH.ADCx_IN5.ConfNb=1
SH.ADCx_IN6.0=ADC1_IN6,IN6
SH.ADCx_IN6.ConfNb=1
SH.S_TIM1_CH1.0=TIM1_CH1,PWM Generation1 CH1
SH.S_TIM1_CH1.ConfNb=1
SH.S_TIM2_CH1_ETR.0=TIM2_CH1,PWM Generation1 CH1
SH.S_TIM2_CH1_ETR.ConfNb=1
SH.S_TIM2_CH2.0=TIM2_CH2,PWM Generation2 CH2
SH.S_TIM2_CH2.ConfNb=1
SH.S_TIM3_CH4.0=TIM3_CH4,PWM Generation4 CH4
SH.S_TIM3_CH4.ConfNb=1
SH.S_TIM3_ETR.0=TIM3_ETR,ClockSourceETR_Mode2
SH.S_TIM3_ETR.ConfNb=1
SH.S_TIM4_CH1.0=TIM4_CH1,Encoder_Interface
SH.S_TIM4_CH1.ConfNb=1
SH.S_TIM4_CH2.0=TIM4_CH2,Encoder_Interface
SH.S_TIM4_CH2.ConfNb=1
SH.S_TIM5_CH4.0=TIM5_CH4,PWM Generation4 CH4
SH.S_TIM5_CH4.ConfNb=1
SH.S_TIM8_CH1.0=TIM8_CH1,Encoder_Interface
SH.S_TIM8_CH1.ConfNb=1
SH.S_TIM8_CH2.0=TIM8_CH2,Encoder_Interface
SH.S_TIM8_CH2.ConfNb=1
SPI2.CalculateBaudRate=18.0 MBits/s
SPI2.Direction=SPI_DIRECTION_2LINES
SPI2.IPParameters=VirtualType,Mode,Direction,CalculateBaudRate
SPI2.Mode=SPI_MODE_MASTER
SPI2.VirtualType=VM_MASTER
SPI3.CalculateBaudRate=18.0 MBits/s
SPI3.Direction=SPI_DIRECTION_2LINES
SPI3.IPParameters=VirtualType,Mode,Direction,CalculateBaudRate
SPI3.Mode=SPI_MODE_MASTER
SPI3.VirtualType=VM_MASTER
TIM1.Channel-PWM\ Generation1\ CH1=TIM_CHANNEL_1
TIM1.IPParameters=Channel-PWM Generation1 CH1,Prescaler
TIM1.Prescaler=71
TIM2.Channel-Output\ Compare3\ No\ Output=TIM_CHANNEL_3
TIM2.Channel-Output\ Compare4\ No\ Output=TIM_CHANNEL_4
TIM2.Channel-PWM\ Generation1\ CH1=TIM_CHANNEL_1
TIM2.Channel-PWM\ Generation2\ CH2=TIM_CHANNEL_2
TIM2.IPParameters=Channel-PWM Generation1 CH1,Channel-PWM Generation2 CH2,Channel-Output Compare3 No Output,Channel-Output Compare4 No Output,Prescaler,Period,Pulse-Output Compare3 No Output,Pulse-Output Compare4 No Output
TIM2.Period=1999
TIM2.Prescaler=719
TIM2.Pulse-Output\ Compare3\ No\ Output=1
TIM2.Pulse-Output\ Compare4\ No\ Output=1970
TIM3.Channel-Output\ Compare1\ No\ Output=TIM_CHANNEL_1
TIM3.Channel-PWM\ Generation4\ CH4=TIM_CHANNEL_4
TIM3.ClockDivision=TIM_CLOCKDIVISION_DIV2
TIM3.ClockFilter=7
TIM3.IPParameters=Channel-Output Compare1 No Output,Channel-PWM Generation4 CH4,Period,Pulse-Output Compare1 No Output,ClockDivision,ClockFilter
TIM3.Period=99
TIM3.Pulse-Output\ Compare1\ No\ Output=97
TIM5.Channel-PWM\ Generation4\ CH4=TIM_CHANNEL_4
TIM5.IPParameters=Channel-PWM Generation4 CH4,OCPolarity_4,Period,Prescaler,Pulse-PWM Generation4 CH4
TIM5.OCPolarity_4=TIM_OCPOLARITY_LOW
TIM5.Period=255
TIM5.Prescaler=310
TIM5.Pulse-PWM\ Generation4\ CH4=0
TIM6.IPParameters=Prescaler
TIM6.Prescaler=7199
USART1.IPParameters=VirtualMode
USART1.VirtualMode=VM_ASYNC
USB_DEVICE.CLASS_NAME_FS=MSC
USB_DEVICE.IPParameters=VirtualMode,VirtualModeFS,CLASS_NAME_FS,MSC_MEDIA_PACKET
USB_DEVICE.MSC_MEDIA_PACKET=4096
USB_DEVICE.VirtualMode=Msc
USB_DEVICE.VirtualModeFS=Msc_FS
VP_ADC1_TempSens_Input.Mode=IN-TempSens
VP_ADC1_TempSens_Input.Signal=ADC1_TempSens_Input
VP_ADC1_Vref_Input.Mode=IN-Vrefint
VP_ADC1_Vref_Input.Signal=ADC1_Vref_Input
VP_SYS_VS_Systick.Mode=SysTick
VP_SYS_VS_Systick.Signal=SYS_VS_Systick
VP_TIM1_VS_ClockSourceINT.Mode=Internal
VP_TIM1_VS_ClockSourceINT.Signal=TIM1_VS_ClockSourceINT
VP_TIM2_VS_ClockSourceINT.Mode=Internal
VP_TIM2_VS_ClockSourceINT.Signal=TIM2_VS_ClockSourceINT
VP_TIM2_VS_no_output3.Mode=Output Compare3 No Output
VP_TIM2_VS_no_output3.Signal=TIM2_VS_no_output3
VP_TIM2_VS_no_output4.Mode=Output Compare4 No Output
VP_TIM2_VS_no_output4.Signal=TIM2_VS_no_output4
VP_TIM3_VS_no_output1.Mode=Output Compare1 No Output
VP_TIM3_VS_no_output1.Signal=TIM3_VS_no_output1
VP_TIM5_VS_ClockSourceINT.Mode=Internal
VP_TIM5_VS_ClockSourceINT.Signal=TIM5_VS_ClockSourceINT
VP_TIM6_VS_ClockSourceINT.Mode=Enable_Timer
VP_TIM6_VS_ClockSourceINT.Signal=TIM6_VS_ClockSourceINT
VP_USB_DEVICE_VS_USB_DEVICE_MSC_FS.Mode=MSC_FS
VP_USB_DEVICE_VS_USB_DEVICE_MSC_FS.Signal=USB_DEVICE_VS_USB_DEVICE_MSC_FS
board=custom
